
Microsoft Visual Studio Solution File, Format Version 12.00
# Visual Studio 15
VisualStudioVersion = 15.0.26430.16
MinimumVisualStudioVersion = 10.0.40219.1
Project("{FAE04EC0-301F-11D3-BF4B-00C04F79EFBC}") = "Dystopian", "Dystopian\Dystopian.csproj", "{8CB894B8-87A9-4CA3-9D95-A7997ABD3301}"
EndProject
Project("{FAE04EC0-301F-11D3-BF4B-00C04F79EFBC}") = "DataAccess", "DataAccess\DataAccess.csproj", "{D208694A-E404-4B27-96D0-8FA191157172}"
EndProject
Global
	GlobalSection(SolutionConfigurationPlatforms) = preSolution
		Debug|Any CPU = Debug|Any CPU
		Release|Any CPU = Release|Any CPU
	EndGlobalSection
	GlobalSection(ProjectConfigurationPlatforms) = postSolution
		{8CB894B8-87A9-4CA3-9D95-A7997ABD3301}.Debug|Any CPU.ActiveCfg = Debug|Any CPU
		{8CB894B8-87A9-4CA3-9D95-A7997ABD3301}.Debug|Any CPU.Build.0 = Debug|Any CPU
		{8CB894B8-87A9-4CA3-9D95-A7997ABD3301}.Release|Any CPU.ActiveCfg = Release|Any CPU
		{8CB894B8-87A9-4CA3-9D95-A7997ABD3301}.Release|Any CPU.Build.0 = Release|Any CPU
		{D208694A-E404-4B27-96D0-8FA191157172}.Debug|Any CPU.ActiveCfg = Debug|Any CPU
		{D208694A-E404-4B27-96D0-8FA191157172}.Debug|Any CPU.Build.0 = Debug|Any CPU
		{D208694A-E404-4B27-96D0-8FA191157172}.Release|Any CPU.ActiveCfg = Release|Any CPU
		{D208694A-E404-4B27-96D0-8FA191157172}.Release|Any CPU.Build.0 = Release|Any CPU
	EndGlobalSection
	GlobalSection(SolutionProperties) = preSolution
		HideSolutionNode = FALSE
	EndGlobalSection
EndGlobal
